// !$*UTF8*$!
{
	archiveVersion = 1;
	classes = {
	};
	objectVersion = 50;
	objects = {

/* Begin PBXBuildFile section */
		775B6B88264EBC5C00E132A8 /* AppDelegate.swift in Sources */ = {isa = PBXBuildFile; fileRef = 775B6B87264EBC5C00E132A8 /* AppDelegate.swift */; };
		775B6B8A264EBC5C00E132A8 /* SceneDelegate.swift in Sources */ = {isa = PBXBuildFile; fileRef = 775B6B89264EBC5C00E132A8 /* SceneDelegate.swift */; };
		775B6B8C264EBC5C00E132A8 /* ViewController.swift in Sources */ = {isa = PBXBuildFile; fileRef = 775B6B8B264EBC5C00E132A8 /* ViewController.swift */; };
		775B6B8F264EBC5C00E132A8 /* Main.storyboard in Resources */ = {isa = PBXBuildFile; fileRef = 775B6B8D264EBC5C00E132A8 /* Main.storyboard */; };
		775B6B91264EBC5D00E132A8 /* Assets.xcassets in Resources */ = {isa = PBXBuildFile; fileRef = 775B6B90264EBC5D00E132A8 /* Assets.xcassets */; };
		775B6B94264EBC5D00E132A8 /* LaunchScreen.storyboard in Resources */ = {isa = PBXBuildFile; fileRef = 775B6B92264EBC5D00E132A8 /* LaunchScreen.storyboard */; };
		775B6B9C264EBEAB00E132A8 /* QuestionViewController.swift in Sources */ = {isa = PBXBuildFile; fileRef = 775B6B9B264EBEAB00E132A8 /* QuestionViewController.swift */; };
		775B6B9E264EBEB200E132A8 /* FinishViewController.swift in Sources */ = {isa = PBXBuildFile; fileRef = 775B6B9D264EBEB200E132A8 /* FinishViewController.swift */; };
		775B6BA0264EBEBF00E132A8 /* ListTableViewController.swift in Sources */ = {isa = PBXBuildFile; fileRef = 775B6B9F264EBEBF00E132A8 /* ListTableViewController.swift */; };
		775B6BA2264EBECB00E132A8 /* AddViewController.swift in Sources */ = {isa = PBXBuildFile; fileRef = 775B6BA1264EBECB00E132A8 /* AddViewController.swift */; };
		775B6BA4264EC22E00E132A8 /* ListTableViewCell.swift in Sources */ = {isa = PBXBuildFile; fileRef = 775B6BA3264EC22E00E132A8 /* ListTableViewCell.swift */; };
/* End PBXBuildFile section */

/* Begin PBXFileReference section */
		775B6B84264EBC5C00E132A8 /* WordList.app */ = {isa = PBXFileReference; explicitFileType = wrapper.application; includeInIndex = 0; path = WordList.app; sourceTree = BUILT_PRODUCTS_DIR; };
		775B6B87264EBC5C00E132A8 /* AppDelegate.swift */ = {isa = PBXFileReference; lastKnownFileType = sourcecode.swift; path = AppDelegate.swift; sourceTree = "<group>"; };
		775B6B89264EBC5C00E132A8 /* SceneDelegate.swift */ = {isa = PBXFileReference; lastKnownFileType = sourcecode.swift; path = SceneDelegate.swift; sourceTree = "<group>"; };
		775B6B8B264EBC5C00E132A8 /* ViewController.swift */ = {isa = PBXFileReference; lastKnownFileType = sourcecode.swift; path = ViewController.swift; sourceTree = "<group>"; };
		775B6B8E264EBC5C00E132A8 /* Base */ = {isa = PBXFileReference; lastKnownFileType = file.storyboard; name = Base; path = Base.lproj/Main.storyboard; sourceTree = "<group>"; };
		775B6B90264EBC5D00E132A8 /* Assets.xcassets */ = {isa = PBXFileReference; lastKnownFileType = folder.assetcatalog; path = Assets.xcassets; sourceTree = "<group>"; };
		775B6B93264EBC5D00E132A8 /* Base */ = {isa = PBXFileReference; lastKnownFileType = file.storyboard; name = Base; path = Base.lproj/LaunchScreen.storyboard; sourceTree = "<group>"; };
		775B6B95264EBC5D00E132A8 /* Info.plist */ = {isa = PBXFileReference; lastKnownFileType = text.plist.xml; path = Info.plist; sourceTree = "<group>"; };
		775B6B9B264EBEAB00E132A8 /* QuestionViewController.swift */ = {isa = PBXFileReference; lastKnownFileType = sourcecode.swift; path = QuestionViewController.swift; sourceTree = "<group>"; };
		775B6B9D264EBEB200E132A8 /* FinishViewController.swift */ = {isa = PBXFileReference; lastKnownFileType = sourcecode.swift; path = FinishViewController.swift; sourceTree = "<group>"; };
		775B6B9F264EBEBF00E132A8 /* ListTableViewController.swift */ = {isa = PBXFileReference; lastKnownFileType = sourcecode.swift; path = ListTableViewController.swift; sourceTree = "<group>"; };
		775B6BA1264EBECB00E132A8 /* AddViewController.swift */ = {isa = PBXFileReference; lastKnownFileType = sourcecode.swift; path = AddViewController.swift; sourceTree = "<group>"; };
		775B6BA3264EC22E00E132A8 /* ListTableViewCell.swift */ = {isa = PBXFileReference; lastKnownFileType = sourcecode.swift; path = ListTableViewCell.swift; sourceTree = "<group>"; };
/* End PBXFileReference section */

/* Begin PBXFrameworksBuildPhase section */
		775B6B81264EBC5C00E132A8 /* Frameworks */ = {
			isa = PBXFrameworksBuildPhase;
			buildActionMask = 2147483647;
			files = (
			);
			runOnlyForDeploymentPostprocessing = 0;
		};
/* End PBXFrameworksBuildPhase section */

/* Begin PBXGroup section */
		775B6B7B264EBC5C00E132A8 = {
			isa = PBXGroup;
			children = (
				775B6B86264EBC5C00E132A8 /* WordList */,
				775B6B85264EBC5C00E132A8 /* Products */,
			);
			sourceTree = "<group>";
		};
		775B6B85264EBC5C00E132A8 /* Products */ = {
			isa = PBXGroup;
			children = (
				775B6B84264EBC5C00E132A8 /* WordList.app */,
			);
			name = Products;
			sourceTree = "<group>";
		};
		775B6B86264EBC5C00E132A8 /* WordList */ = {
			isa = PBXGroup;
			children = (
				775B6B87264EBC5C00E132A8 /* AppDelegate.swift */,
				775B6B89264EBC5C00E132A8 /* SceneDelegate.swift */,
				775B6B8B264EBC5C00E132A8 /* ViewController.swift */,
				775B6B9B264EBEAB00E132A8 /* QuestionViewController.swift */,
				775B6B9D264EBEB200E132A8 /* FinishViewController.swift */,
				775B6B9F264EBEBF00E132A8 /* ListTableViewController.swift */,
				775B6BA1264EBECB00E132A8 /* AddViewController.swift */,
				775B6BA3264EC22E00E132A8 /* ListTableViewCell.swift */,
				775B6B8D264EBC5C00E132A8 /* Main.storyboard */,
				775B6B90264EBC5D00E132A8 /* Assets.xcassets */,
				775B6B92264EBC5D00E132A8 /* LaunchScreen.storyboard */,
				775B6B95264EBC5D00E132A8 /* Info.plist */,
			);
			path = WordList;
			sourceTree = "<group>";
		};
/* End PBXGroup section */

/* Begin PBXNativeTarget section */
		775B6B83264EBC5C00E132A8 /* WordList */ = {
			isa = PBXNativeTarget;
			buildConfigurationList = 775B6B98264EBC5D00E132A8 /* Build configuration list for PBXNativeTarget "WordList" */;
			buildPhases = (
				775B6B80264EBC5C00E132A8 /* Sources */,
				775B6B81264EBC5C00E132A8 /* Frameworks */,
				775B6B82264EBC5C00E132A8 /* Resources */,
			);
			buildRules = (
			);
			dependencies = (
			);
			name = WordList;
			productName = WordList;
			productReference = 775B6B84264EBC5C00E132A8 /* WordList.app */;
			productType = "com.apple.product-type.application";
		};
/* End PBXNativeTarget section */

/* Begin PBXProject section */
		775B6B7C264EBC5C00E132A8 /* Project object */ = {
			isa = PBXProject;
			attributes = {
				LastSwiftUpdateCheck = 1250;
				LastUpgradeCheck = 1250;
				TargetAttributes = {
					775B6B83264EBC5C00E132A8 = {
						CreatedOnToolsVersion = 12.5;
					};
				};
			};
			buildConfigurationList = 775B6B7F264EBC5C00E132A8 /* Build configuration list for PBXProject "WordList" */;
			compatibilityVersion = "Xcode 9.3";
			developmentRegion = en;
			hasScannedForEncodings = 0;
			knownRegions = (
				en,
				Base,
			);
			mainGroup = 775B6B7B264EBC5C00E132A8;
			productRefGroup = 775B6B85264EBC5C00E132A8 /* Products */;
			projectDirPath = "";
			projectRoot = "";
			targets = (
				775B6B83264EBC5C00E132A8 /* WordList */,
			);
		};
/* End PBXProject section */

/* Begin PBXResourcesBuildPhase section */
		775B6B82264EBC5C00E132A8 /* Resources */ = {
			isa = PBXResourcesBuildPhase;
			buildActionMask = 2147483647;
			files = (
				775B6B94264EBC5D00E132A8 /* LaunchScreen.storyboard in Resources */,
				775B6B91264EBC5D00E132A8 /* Assets.xcassets in Resources */,
				775B6B8F264EBC5C00E132A8 /* Main.storyboard in Resources */,
			);
			runOnlyForDeploymentPostprocessing = 0;
		};
/* End PBXResourcesBuildPhase section */

/* Begin PBXSourcesBuildPhase section */
		775B6B80264EBC5C00E132A8 /* Sources */ = {
			isa = PBXSourcesBuildPhase;
			buildActionMask = 2147483647;
			files = (
				775B6B9E264EBEB200E132A8 /* FinishViewController.swift in Sources */,
				775B6BA4264EC22E00E132A8 /* ListTableViewCell.swift in Sources */,
				775B6B8C264EBC5C00E132A8 /* ViewController.swift in Sources */,
				775B6BA2264EBECB00E132A8 /* AddViewController.swift in Sources */,
				775B6B88264EBC5C00E132A8 /* AppDelegate.swift in Sources */,
				775B6BA0264EBEBF00E132A8 /* ListTableViewController.swift in Sources */,
				775B6B9C264EBEAB00E132A8 /* QuestionViewController.swift in Sources */,
				775B6B8A264EBC5C00E132A8 /* SceneDelegate.swift in Sources */,
			);
			runOnlyForDeploymentPostprocessing = 0;
		};
/* End PBXSourcesBuildPhase section */

/* Begin PBXVariantGroup section */
		775B6B8D264EBC5C00E132A8 /* Main.storyboard */ = {
			isa = PBXVariantGroup;
			children = (
				775B6B8E264EBC5C00E132A8 /* Base */,
			);
			name = Main.storyboard;
			sourceTree = "<group>";
		};
		775B6B92264EBC5D00E132A8 /* LaunchScreen.storyboard */ = {
			isa = PBXVariantGroup;
			children = (
				775B6B93264EBC5D00E132A8 /* Base */,
			);
			name = LaunchScreen.storyboard;
			sourceTree = "<group>";
		};
/* End PBXVariantGroup section */

/* Begin XCBuildConfiguration section */
		775B6B96264EBC5D00E132A8 /* Debug */ = {
			isa = XCBuildConfiguration;
			buildSettings = {
				ALWAYS_SEARCH_USER_PATHS = NO;
				CLANG_ANALYZER_NONNULL = YES;
				CLANG_ANALYZER_NUMBER_OBJECT_CONVERSION = YES_AGGRESSIVE;
				CLANG_CXX_LANGUAGE_STANDARD = "gnu++14";
				CLANG_CXX_LIBRARY = "libc++";
				CLANG_ENABLE_MODULES = YES;
				CLANG_ENABLE_OBJC_ARC = YES;
				CLANG_ENABLE_OBJC_WEAK = YES;
				CLANG_WARN_BLOCK_CAPTURE_AUTORELEASING = YES;
				CLANG_WARN_BOOL_CONVERSION = YES;
				CLANG_WARN_COMMA = YES;
				CLANG_WARN_CONSTANT_CONVERSION = YES;
				CLANG_WARN_DEPRECATED_OBJC_IMPLEMENTATIONS = YES;
				CLANG_WARN_DIRECT_OBJC_ISA_USAGE = YES_ERROR;
				CLANG_WARN_DOCUMENTATION_COMMENTS = YES;
				CLANG_WARN_EMPTY_BODY = YES;
				CLANG_WARN_ENUM_CONVERSION = YES;
				CLANG_WARN_INFINITE_RECURSION = YES;
				CLANG_WARN_INT_CONVERSION = YES;
				CLANG_WARN_NON_LITERAL_NULL_CONVERSION = YES;
				CLANG_WARN_OBJC_IMPLICIT_RETAIN_SELF = YES;
				CLANG_WARN_OBJC_LITERAL_CONVERSION = YES;
				CLANG_WARN_OBJC_ROOT_CLASS = YES_ERROR;
				CLANG_WARN_QUOTED_INCLUDE_IN_FRAMEWORK_HEADER = YES;
				CLANG_WARN_RANGE_LOOP_ANALYSIS = YES;
				CLANG_WARN_STRICT_PROTOTYPES = YES;
				CLANG_WARN_SUSPICIOUS_MOVE = YES;
				CLANG_WARN_UNGUARDED_AVAILABILITY = YES_AGGRESSIVE;
				CLANG_WARN_UNREACHABLE_CODE = YES;
				CLANG_WARN__DUPLICATE_METHOD_MATCH = YES;
				COPY_PHASE_STRIP = NO;
				DEBUG_INFORMATION_FORMAT = dwarf;
				ENABLE_STRICT_OBJC_MSGSEND = YES;
				ENABLE_TESTABILITY = YES;
				GCC_C_LANGUAGE_STANDARD = gnu11;
				GCC_DYNAMIC_NO_PIC = NO;
				GCC_NO_COMMON_BLOCKS = YES;
				GCC_OPTIMIZATION_LEVEL = 0;
				GCC_PREPROCESSOR_DEFINITIONS = (
					"DEBUG=1",
					"$(inherited)",
				);
				GCC_WARN_64_TO_32_BIT_CONVERSION = YES;
				GCC_WARN_ABOUT_RETURN_TYPE = YES_ERROR;
				GCC_WARN_UNDECLARED_SELECTOR = YES;
				GCC_WARN_UNINITIALIZED_AUTOS = YES_AGGRESSIVE;
				GCC_WARN_UNUSED_FUNCTION = YES;
				GCC_WARN_UNUSED_VARIABLE = YES;
				IPHONEOS_DEPLOYMENT_TARGET = 14.5;
				MTL_ENABLE_DEBUG_INFO = INCLUDE_SOURCE;
				MTL_FAST_MATH = YES;
				ONLY_ACTIVE_ARCH = YES;
				SDKROOT = iphoneos;
				SWIFT_ACTIVE_COMPILATION_CONDITIONS = DEBUG;
				SWIFT_OPTIMIZATION_LEVEL = "-Onone";
			};
			name = Debug;
		};
		775B6B97264EBC5D00E132A8 /* Release */ = {
			isa = XCBuildConfiguration;
			buildSettings = {
				ALWAYS_SEARCH_USER_PATHS = NO;
				CLANG_ANALYZER_NONNULL = YES;
				CLANG_ANALYZER_NUMBER_OBJECT_CONVERSION = YES_AGGRESSIVE;
				CLANG_CXX_LANGUAGE_STANDARD = "gnu++14";
				CLANG_CXX_LIBRARY = "libc++";
				CLANG_ENABLE_MODULES = YES;
				CLANG_ENABLE_OBJC_ARC = YES;
				CLANG_ENABLE_OBJC_WEAK = YES;
				CLANG_WARN_BLOCK_CAPTURE_AUTORELEASING = YES;
				CLANG_WARN_BOOL_CONVERSION = YES;
				CLANG_WARN_COMMA = YES;
				CLANG_WARN_CONSTANT_CONVERSION = YES;
				CLANG_WARN_DEPRECATED_OBJC_IMPLEMENTATIONS = YES;
				CLANG_WARN_DIRECT_OBJC_ISA_USAGE = YES_ERROR;
				CLANG_WARN_DOCUMENTATION_COMMENTS = YES;
				CLANG_WARN_EMPTY_BODY = YES;
				CLANG_WARN_ENUM_CONVERSION = YES;
				CLANG_WARN_INFINITE_RECURSION = YES;
				CLANG_WARN_INT_CONVERSION = YES;
				CLANG_WARN_NON_LITERAL_NULL_CONVERSION = YES;
				CLANG_WARN_OBJC_IMPLICIT_RETAIN_SELF = YES;
				CLANG_WARN_OBJC_LITERAL_CONVERSION = YES;
				CLANG_WARN_OBJC_ROOT_CLASS = YES_ERROR;
				CLANG_WARN_QUOTED_INCLUDE_IN_FRAMEWORK_HEADER = YES;
				CLANG_WARN_RANGE_LOOP_ANALYSIS = YES;
				CLANG_WARN_STRICT_PROTOTYPES = YES;
				CLANG_WARN_SUSPICIOUS_MOVE = YES;
				CLANG_WARN_UNGUARDED_AVAILABILITY = YES_AGGRESSIVE;
				CLANG_WARN_UNREACHABLE_CODE = YES;
				CLANG_WARN__DUPLICATE_METHOD_MATCH = YES;
				COPY_PHASE_STRIP = NO;
				DEBUG_INFORMATION_FORMAT = "dwarf-with-dsym";
				ENABLE_NS_ASSERTIONS = NO;
				ENABLE_STRICT_OBJC_MSGSEND = YES;
				GCC_C_LANGUAGE_STANDARD = gnu11;
				GCC_NO_COMMON_BLOCKS = YES;
				GCC_WARN_64_TO_32_BIT_CONVERSION = YES;
				GCC_WARN_ABOUT_RETURN_TYPE = YES_ERROR;
				GCC_WARN_UNDECLARED_SELECTOR = YES;
				GCC_WARN_UNINITIALIZED_AUTOS = YES_AGGRESSIVE;
				GCC_WARN_UNUSED_FUNCTION = YES;
				GCC_WARN_UNUSED_VARIABLE = YES;
				IPHONEOS_DEPLOYMENT_TARGET = 14.5;
				MTL_ENABLE_DEBUG_INFO = NO;
				MTL_FAST_MATH = YES;
				SDKROOT = iphoneos;
				SWIFT_COMPILATION_MODE = wholemodule;
				SWIFT_OPTIMIZATION_LEVEL = "-O";
				VALIDATE_PRODUCT = YES;
			};
			name = Release;
		};
		775B6B99264EBC5D00E132A8 /* Debug */ = {
			isa = XCBuildConfiguration;
			buildSettings = {
				ASSETCATALOG_COMPILER_APPICON_NAME = AppIcon;
				ASSETCATALOG_COMPILER_GLOBAL_ACCENT_COLOR_NAME = AccentColor;
				CODE_SIGN_STYLE = Automatic;
				DEVELOPMENT_TEAM = 3X7LEN654Y;
				INFOPLIST_FILE = WordList/Info.plist;
				LD_RUNPATH_SEARCH_PATHS = (
					"$(inherited)",
					"@executable_path/Frameworks",
				);
				PRODUCT_BUNDLE_IDENTIFIER = com.kyoya.WordList;
				PRODUCT_NAME = "$(TARGET_NAME)";
				SWIFT_VERSION = 5.0;
				TARGETED_DEVICE_FAMILY = "1,2";
			};
			name = Debug;
		};
		775B6B9A264EBC5D00E132A8 /* Release */ = {
			isa = XCBuildConfiguration;
			buildSettings = {
				ASSETCATALOG_COMPILER_APPICON_NAME = AppIcon;
				ASSETCATALOG_COMPILER_GLOBAL_ACCENT_COLOR_NAME = AccentColor;
				CODE_SIGN_STYLE = Automatic;
				DEVELOPMENT_TEAM = 3X7LEN654Y;
				INFOPLIST_FILE = WordList/Info.plist;
				LD_RUNPATH_SEARCH_PATHS = (
					"$(inherited)",
					"@executable_path/Frameworks",
				);
				PRODUCT_BUNDLE_IDENTIFIER = com.kyoya.WordList;
				PRODUCT_NAME = "$(TARGET_NAME)";
				SWIFT_VERSION = 5.0;
				TARGETED_DEVICE_FAMILY = "1,2";
			};
			name = Release;
		};
/* End XCBuildConfiguration section */

/* Begin XCConfigurationList section */
		775B6B7F264EBC5C00E132A8 /* Build configuration list for PBXProject "WordList" */ = {
			isa = XCConfigurationList;
			buildConfigurations = (
				775B6B96264EBC5D00E132A8 /* Debug */,
				775B6B97264EBC5D00E132A8 /* Release */,
			);
			defaultConfigurationIsVisible = 0;
			defaultConfigurationName = Release;
		};
		775B6B98264EBC5D00E132A8 /* Build configuration list for PBXNativeTarget "WordList" */ = {
			isa = XCConfigurationList;
			buildConfigurations = (
				775B6B99264EBC5D00E132A8 /* Debug */,
				775B6B9A264EBC5D00E132A8 /* Release */,
			);
			defaultConfigurationIsVisible = 0;
			defaultConfigurationName = Release;
		};
/* End XCConfigurationList section */
	};
	rootObject = 775B6B7C264EBC5C00E132A8 /* Project object */;
}
